// !$*UTF8*$!
{
	archiveVersion = 1;
	classes = {
	};
	objectVersion = 55;
	objects = {

/* Begin PBXBuildFile section */
		25A529EBDA9805AC8B8FD3CF /* Pods_Mixer.framework in Frameworks */ = {isa = PBXBuildFile; fileRef = 3DE7A4390536F575576F90C8 /* Pods_Mixer.framework */; };
		ED798F9B281BCB04000842F0 /* KeyboardStateListener.swift in Sources */ = {isa = PBXBuildFile; fileRef = ED798F9A281BCB04000842F0 /* KeyboardStateListener.swift */; };
		ED798F9D281C6F21000842F0 /* LoginPasswordTextField.swift in Sources */ = {isa = PBXBuildFile; fileRef = ED798F9C281C6F21000842F0 /* LoginPasswordTextField.swift */; };
		ED9AFBB8281E327B00CF2117 /* Inter-Medium.ttf in Resources */ = {isa = PBXBuildFile; fileRef = ED9AFBB4281E327B00CF2117 /* Inter-Medium.ttf */; };
		ED9AFBB9281E327B00CF2117 /* Inter-Regular.ttf in Resources */ = {isa = PBXBuildFile; fileRef = ED9AFBB5281E327B00CF2117 /* Inter-Regular.ttf */; };
		ED9AFBBA281E327B00CF2117 /* Inter-SemiBold.ttf in Resources */ = {isa = PBXBuildFile; fileRef = ED9AFBB6281E327B00CF2117 /* Inter-SemiBold.ttf */; };
		ED9AFBBB281E327B00CF2117 /* Inter-Bold.ttf in Resources */ = {isa = PBXBuildFile; fileRef = ED9AFBB7281E327B00CF2117 /* Inter-Bold.ttf */; };
		ED9AFBBD281E32FE00CF2117 /* ArialRoundedMTBold.ttf in Resources */ = {isa = PBXBuildFile; fileRef = ED9AFBBC281E32FE00CF2117 /* ArialRoundedMTBold.ttf */; };
		EDAA6FF72815F92400DC6A4A /* OnboardingViewController.swift in Sources */ = {isa = PBXBuildFile; fileRef = EDAA6FF62815F92400DC6A4A /* OnboardingViewController.swift */; };
		EDAA6FFA2817408D00DC6A4A /* WelcomeView.swift in Sources */ = {isa = PBXBuildFile; fileRef = EDAA6FF92817408D00DC6A4A /* WelcomeView.swift */; };
		EDAA6FFD2818EBB900DC6A4A /* MixerOnboardingViewController.swift in Sources */ = {isa = PBXBuildFile; fileRef = EDAA6FFC2818EBB900DC6A4A /* MixerOnboardingViewController.swift */; };
		EDAA6FFF281908CF00DC6A4A /* OnboardingViewModel.swift in Sources */ = {isa = PBXBuildFile; fileRef = EDAA6FFE281908CE00DC6A4A /* OnboardingViewModel.swift */; };
		EDAA70022819096B00DC6A4A /* OnboardingModel.swift in Sources */ = {isa = PBXBuildFile; fileRef = EDAA70012819096B00DC6A4A /* OnboardingModel.swift */; };
		EDAA7005281B338300DC6A4A /* LoginViewController.swift in Sources */ = {isa = PBXBuildFile; fileRef = EDAA7004281B338300DC6A4A /* LoginViewController.swift */; };
		EDAA7009281B8E9900DC6A4A /* LoginFormStackView.swift in Sources */ = {isa = PBXBuildFile; fileRef = EDAA7008281B8E9900DC6A4A /* LoginFormStackView.swift */; };
		EDAA700C281B913F00DC6A4A /* TextField.swift in Sources */ = {isa = PBXBuildFile; fileRef = EDAA700B281B913F00DC6A4A /* TextField.swift */; };
		EDAA700F281B92E400DC6A4A /* LoginHeaderLabel.swift in Sources */ = {isa = PBXBuildFile; fileRef = EDAA700E281B92E400DC6A4A /* LoginHeaderLabel.swift */; };
		EDAA7012281BB5E000DC6A4A /* LoginEmailTextField.swift in Sources */ = {isa = PBXBuildFile; fileRef = EDAA7011281BB5E000DC6A4A /* LoginEmailTextField.swift */; };
		EDB3624E27FA2063000A8BE7 /* AppDelegate.swift in Sources */ = {isa = PBXBuildFile; fileRef = EDB3624D27FA2063000A8BE7 /* AppDelegate.swift */; };
		EDB3625027FA2063000A8BE7 /* SceneDelegate.swift in Sources */ = {isa = PBXBuildFile; fileRef = EDB3624F27FA2063000A8BE7 /* SceneDelegate.swift */; };
		EDB3625227FA2063000A8BE7 /* ViewController.swift in Sources */ = {isa = PBXBuildFile; fileRef = EDB3625127FA2063000A8BE7 /* ViewController.swift */; };
		EDB3625527FA2063000A8BE7 /* Main.storyboard in Resources */ = {isa = PBXBuildFile; fileRef = EDB3625327FA2063000A8BE7 /* Main.storyboard */; };
		EDB3625827FA2063000A8BE7 /* Mixer.xcdatamodeld in Sources */ = {isa = PBXBuildFile; fileRef = EDB3625627FA2063000A8BE7 /* Mixer.xcdatamodeld */; };
		EDB3625A27FA2065000A8BE7 /* Assets.xcassets in Resources */ = {isa = PBXBuildFile; fileRef = EDB3625927FA2065000A8BE7 /* Assets.xcassets */; };
		EDB3625D27FA2065000A8BE7 /* LaunchScreen.storyboard in Resources */ = {isa = PBXBuildFile; fileRef = EDB3625B27FA2065000A8BE7 /* LaunchScreen.storyboard */; };
		EDB3626927FAA69E000A8BE7 /* Coordinator.swift in Sources */ = {isa = PBXBuildFile; fileRef = EDB3626827FAA69D000A8BE7 /* Coordinator.swift */; };
		EDB3626C27FAA788000A8BE7 /* TypeAlias.swift in Sources */ = {isa = PBXBuildFile; fileRef = EDB3626B27FAA788000A8BE7 /* TypeAlias.swift */; };
		EDB3626E27FAA7C0000A8BE7 /* NavigationCoordinator.swift in Sources */ = {isa = PBXBuildFile; fileRef = EDB3626D27FAA7C0000A8BE7 /* NavigationCoordinator.swift */; };
		EDB3627127FAA8AD000A8BE7 /* NotificationObservable.swift in Sources */ = {isa = PBXBuildFile; fileRef = EDB3627027FAA8AD000A8BE7 /* NotificationObservable.swift */; };
		EDB3627527FAAA52000A8BE7 /* MainCoordinator.swift in Sources */ = {isa = PBXBuildFile; fileRef = EDB3627427FAAA52000A8BE7 /* MainCoordinator.swift */; };
/* End PBXBuildFile section */

/* Begin PBXFileReference section */
		29AD3A8EF3E3557E06FC575D /* Pods-Mixer.debug.xcconfig */ = {isa = PBXFileReference; includeInIndex = 1; lastKnownFileType = text.xcconfig; name = "Pods-Mixer.debug.xcconfig"; path = "Target Support Files/Pods-Mixer/Pods-Mixer.debug.xcconfig"; sourceTree = "<group>"; };
		3DE7A4390536F575576F90C8 /* Pods_Mixer.framework */ = {isa = PBXFileReference; explicitFileType = wrapper.framework; includeInIndex = 0; path = Pods_Mixer.framework; sourceTree = BUILT_PRODUCTS_DIR; };
		5C522F8B12A7C8B8D71046A5 /* Pods-Mixer.release.xcconfig */ = {isa = PBXFileReference; includeInIndex = 1; lastKnownFileType = text.xcconfig; name = "Pods-Mixer.release.xcconfig"; path = "Target Support Files/Pods-Mixer/Pods-Mixer.release.xcconfig"; sourceTree = "<group>"; };
		ED798F9A281BCB04000842F0 /* KeyboardStateListener.swift */ = {isa = PBXFileReference; lastKnownFileType = sourcecode.swift; path = KeyboardStateListener.swift; sourceTree = "<group>"; };
		ED798F9C281C6F21000842F0 /* LoginPasswordTextField.swift */ = {isa = PBXFileReference; lastKnownFileType = sourcecode.swift; path = LoginPasswordTextField.swift; sourceTree = "<group>"; };
		ED9AFBB4281E327B00CF2117 /* Inter-Medium.ttf */ = {isa = PBXFileReference; lastKnownFileType = file; path = "Inter-Medium.ttf"; sourceTree = "<group>"; };
		ED9AFBB5281E327B00CF2117 /* Inter-Regular.ttf */ = {isa = PBXFileReference; lastKnownFileType = file; path = "Inter-Regular.ttf"; sourceTree = "<group>"; };
		ED9AFBB6281E327B00CF2117 /* Inter-SemiBold.ttf */ = {isa = PBXFileReference; lastKnownFileType = file; path = "Inter-SemiBold.ttf"; sourceTree = "<group>"; };
		ED9AFBB7281E327B00CF2117 /* Inter-Bold.ttf */ = {isa = PBXFileReference; lastKnownFileType = file; path = "Inter-Bold.ttf"; sourceTree = "<group>"; };
		ED9AFBBC281E32FE00CF2117 /* ArialRoundedMTBold.ttf */ = {isa = PBXFileReference; lastKnownFileType = file; path = ArialRoundedMTBold.ttf; sourceTree = "<group>"; };
		EDAA6FF62815F92400DC6A4A /* OnboardingViewController.swift */ = {isa = PBXFileReference; lastKnownFileType = sourcecode.swift; path = OnboardingViewController.swift; sourceTree = "<group>"; };
		EDAA6FF92817408D00DC6A4A /* WelcomeView.swift */ = {isa = PBXFileReference; lastKnownFileType = sourcecode.swift; path = WelcomeView.swift; sourceTree = "<group>"; };
		EDAA6FFC2818EBB900DC6A4A /* MixerOnboardingViewController.swift */ = {isa = PBXFileReference; lastKnownFileType = sourcecode.swift; path = MixerOnboardingViewController.swift; sourceTree = "<group>"; };
		EDAA6FFE281908CE00DC6A4A /* OnboardingViewModel.swift */ = {isa = PBXFileReference; lastKnownFileType = sourcecode.swift; path = OnboardingViewModel.swift; sourceTree = "<group>"; };
		EDAA70012819096B00DC6A4A /* OnboardingModel.swift */ = {isa = PBXFileReference; lastKnownFileType = sourcecode.swift; path = OnboardingModel.swift; sourceTree = "<group>"; };
		EDAA7004281B338300DC6A4A /* LoginViewController.swift */ = {isa = PBXFileReference; lastKnownFileType = sourcecode.swift; path = LoginViewController.swift; sourceTree = "<group>"; };
		EDAA7008281B8E9900DC6A4A /* LoginFormStackView.swift */ = {isa = PBXFileReference; lastKnownFileType = sourcecode.swift; name = LoginFormStackView.swift; path = Mixer/Screens/LogIn/Views/StackViews/LoginFormStackView.swift; sourceTree = SOURCE_ROOT; };
		EDAA700B281B913F00DC6A4A /* TextField.swift */ = {isa = PBXFileReference; lastKnownFileType = sourcecode.swift; path = TextField.swift; sourceTree = "<group>"; };
		EDAA700E281B92E400DC6A4A /* LoginHeaderLabel.swift */ = {isa = PBXFileReference; lastKnownFileType = sourcecode.swift; path = LoginHeaderLabel.swift; sourceTree = "<group>"; };
		EDAA7011281BB5E000DC6A4A /* LoginEmailTextField.swift */ = {isa = PBXFileReference; lastKnownFileType = sourcecode.swift; path = LoginEmailTextField.swift; sourceTree = "<group>"; };
		EDB3624A27FA2062000A8BE7 /* Mixer.app */ = {isa = PBXFileReference; explicitFileType = wrapper.application; includeInIndex = 0; path = Mixer.app; sourceTree = BUILT_PRODUCTS_DIR; };
		EDB3624D27FA2063000A8BE7 /* AppDelegate.swift */ = {isa = PBXFileReference; lastKnownFileType = sourcecode.swift; path = AppDelegate.swift; sourceTree = "<group>"; };
		EDB3624F27FA2063000A8BE7 /* SceneDelegate.swift */ = {isa = PBXFileReference; lastKnownFileType = sourcecode.swift; path = SceneDelegate.swift; sourceTree = "<group>"; };
		EDB3625127FA2063000A8BE7 /* ViewController.swift */ = {isa = PBXFileReference; lastKnownFileType = sourcecode.swift; path = ViewController.swift; sourceTree = "<group>"; };
		EDB3625427FA2063000A8BE7 /* Base */ = {isa = PBXFileReference; lastKnownFileType = file.storyboard; name = Base; path = Base.lproj/Main.storyboard; sourceTree = "<group>"; };
		EDB3625727FA2063000A8BE7 /* Mixer.xcdatamodel */ = {isa = PBXFileReference; lastKnownFileType = wrapper.xcdatamodel; path = Mixer.xcdatamodel; sourceTree = "<group>"; };
		EDB3625927FA2065000A8BE7 /* Assets.xcassets */ = {isa = PBXFileReference; lastKnownFileType = folder.assetcatalog; path = Assets.xcassets; sourceTree = "<group>"; };
		EDB3625C27FA2065000A8BE7 /* Base */ = {isa = PBXFileReference; lastKnownFileType = file.storyboard; name = Base; path = Base.lproj/LaunchScreen.storyboard; sourceTree = "<group>"; };
		EDB3625E27FA2065000A8BE7 /* Info.plist */ = {isa = PBXFileReference; lastKnownFileType = text.plist.xml; path = Info.plist; sourceTree = "<group>"; };
		EDB3626827FAA69D000A8BE7 /* Coordinator.swift */ = {isa = PBXFileReference; lastKnownFileType = sourcecode.swift; path = Coordinator.swift; sourceTree = "<group>"; };
		EDB3626B27FAA788000A8BE7 /* TypeAlias.swift */ = {isa = PBXFileReference; lastKnownFileType = sourcecode.swift; path = TypeAlias.swift; sourceTree = "<group>"; };
		EDB3626D27FAA7C0000A8BE7 /* NavigationCoordinator.swift */ = {isa = PBXFileReference; lastKnownFileType = sourcecode.swift; path = NavigationCoordinator.swift; sourceTree = "<group>"; };
		EDB3627027FAA8AD000A8BE7 /* NotificationObservable.swift */ = {isa = PBXFileReference; lastKnownFileType = sourcecode.swift; path = NotificationObservable.swift; sourceTree = "<group>"; };
		EDB3627427FAAA52000A8BE7 /* MainCoordinator.swift */ = {isa = PBXFileReference; lastKnownFileType = sourcecode.swift; path = MainCoordinator.swift; sourceTree = "<group>"; };
/* End PBXFileReference section */

/* Begin PBXFrameworksBuildPhase section */
		EDB3624727FA2062000A8BE7 /* Frameworks */ = {
			isa = PBXFrameworksBuildPhase;
			buildActionMask = 2147483647;
			files = (
				25A529EBDA9805AC8B8FD3CF /* Pods_Mixer.framework in Frameworks */,
			);
			runOnlyForDeploymentPostprocessing = 0;
		};
/* End PBXFrameworksBuildPhase section */

/* Begin PBXGroup section */
		855F4A76C22865332C7B3C2D /* Pods */ = {
			isa = PBXGroup;
			children = (
				29AD3A8EF3E3557E06FC575D /* Pods-Mixer.debug.xcconfig */,
				5C522F8B12A7C8B8D71046A5 /* Pods-Mixer.release.xcconfig */,
			);
			path = Pods;
			sourceTree = "<group>";
		};
		AF2E5BF2F06FF9613496DCF0 /* Frameworks */ = {
			isa = PBXGroup;
			children = (
				3DE7A4390536F575576F90C8 /* Pods_Mixer.framework */,
			);
			name = Frameworks;
			sourceTree = "<group>";
		};
		ED9AFBB3281E325C00CF2117 /* Fonts */ = {
			isa = PBXGroup;
			children = (
				ED9AFBB7281E327B00CF2117 /* Inter-Bold.ttf */,
				ED9AFBB4281E327B00CF2117 /* Inter-Medium.ttf */,
				ED9AFBBC281E32FE00CF2117 /* ArialRoundedMTBold.ttf */,
				ED9AFBB5281E327B00CF2117 /* Inter-Regular.ttf */,
				ED9AFBB6281E327B00CF2117 /* Inter-SemiBold.ttf */,
			);
			path = Fonts;
			sourceTree = "<group>";
		};
		EDAA6FF52815F90D00DC6A4A /* Onboarding */ = {
			isa = PBXGroup;
			children = (
				EDAA70002819095500DC6A4A /* Model */,
				EDAA6FFC2818EBB900DC6A4A /* MixerOnboardingViewController.swift */,
				EDAA6FF62815F92400DC6A4A /* OnboardingViewController.swift */,
				EDAA6FF82817408200DC6A4A /* Views */,
				EDAA6FFE281908CE00DC6A4A /* OnboardingViewModel.swift */,
			);
			path = Onboarding;
			sourceTree = "<group>";
		};
		EDAA6FF82817408200DC6A4A /* Views */ = {
			isa = PBXGroup;
			children = (
				EDAA6FF92817408D00DC6A4A /* WelcomeView.swift */,
				EDAA6FFB2817412100DC6A4A /* Labels */,
			);
			path = Views;
			sourceTree = "<group>";
		};
		EDAA6FFB2817412100DC6A4A /* Labels */ = {
			isa = PBXGroup;
			children = (
			);
			path = Labels;
			sourceTree = "<group>";
		};
		EDAA70002819095500DC6A4A /* Model */ = {
			isa = PBXGroup;
			children = (
				EDAA70012819096B00DC6A4A /* OnboardingModel.swift */,
			);
			path = Model;
			sourceTree = "<group>";
		};
		EDAA7003281B335B00DC6A4A /* LogIn */ = {
			isa = PBXGroup;
			children = (
				EDAA7004281B338300DC6A4A /* LoginViewController.swift */,
				EDAA7006281B8E6D00DC6A4A /* Views */,
			);
			path = LogIn;
			sourceTree = "<group>";
		};
		EDAA7006281B8E6D00DC6A4A /* Views */ = {
			isa = PBXGroup;
			children = (
				EDAA700D281B92CA00DC6A4A /* Labels */,
				EDAA700A281B90F400DC6A4A /* Fields */,
				EDAA7007281B8E7400DC6A4A /* StackViews */,
			);
			path = Views;
			sourceTree = "<group>";
		};
		EDAA7007281B8E7400DC6A4A /* StackViews */ = {
			isa = PBXGroup;
			children = (
				EDAA7008281B8E9900DC6A4A /* LoginFormStackView.swift */,
			);
			path = StackViews;
			sourceTree = "<group>";
		};
		EDAA700A281B90F400DC6A4A /* Fields */ = {
			isa = PBXGroup;
			children = (
				EDAA7011281BB5E000DC6A4A /* LoginEmailTextField.swift */,
				ED798F9C281C6F21000842F0 /* LoginPasswordTextField.swift */,
			);
			path = Fields;
			sourceTree = "<group>";
		};
		EDAA700D281B92CA00DC6A4A /* Labels */ = {
			isa = PBXGroup;
			children = (
				EDAA700E281B92E400DC6A4A /* LoginHeaderLabel.swift */,
			);
			path = Labels;
			sourceTree = "<group>";
		};
		EDAA7010281BB59B00DC6A4A /* Inputs */ = {
			isa = PBXGroup;
			children = (
				EDAA700B281B913F00DC6A4A /* TextField.swift */,
			);
			path = Inputs;
			sourceTree = "<group>";
		};
		EDAA7013281BCA6100DC6A4A /* Singleton */ = {
			isa = PBXGroup;
			children = (
				ED798F9A281BCB04000842F0 /* KeyboardStateListener.swift */,
			);
			path = Singleton;
			sourceTree = "<group>";
		};
		EDB3624127FA2062000A8BE7 = {
			isa = PBXGroup;
			children = (
				EDB3624C27FA2063000A8BE7 /* Mixer */,
				EDB3624B27FA2062000A8BE7 /* Products */,
				855F4A76C22865332C7B3C2D /* Pods */,
				AF2E5BF2F06FF9613496DCF0 /* Frameworks */,
			);
			sourceTree = "<group>";
		};
		EDB3624B27FA2062000A8BE7 /* Products */ = {
			isa = PBXGroup;
			children = (
				EDB3624A27FA2062000A8BE7 /* Mixer.app */,
			);
			name = Products;
			sourceTree = "<group>";
		};
		EDB3624C27FA2063000A8BE7 /* Mixer */ = {
			isa = PBXGroup;
			children = (
				EDB3624D27FA2063000A8BE7 /* AppDelegate.swift */,
				EDB3624F27FA2063000A8BE7 /* SceneDelegate.swift */,
				EDB3625127FA2063000A8BE7 /* ViewController.swift */,
				ED9AFBB3281E325C00CF2117 /* Fonts */,
				EDAA7013281BCA6100DC6A4A /* Singleton */,
				EDAA7010281BB59B00DC6A4A /* Inputs */,
				EDB3627227FAA9F9000A8BE7 /* MixerCore */,
				EDB3626727FAA675000A8BE7 /* Core */,
				EDB3626627FA2492000A8BE7 /* Assets */,
				EDB3626527FA2483000A8BE7 /* Screens */,
				EDB3626427FA23B0000A8BE7 /* Network */,
				EDB3625327FA2063000A8BE7 /* Main.storyboard */,
				EDB3625B27FA2065000A8BE7 /* LaunchScreen.storyboard */,
				EDB3625E27FA2065000A8BE7 /* Info.plist */,
				EDB3625627FA2063000A8BE7 /* Mixer.xcdatamodeld */,
			);
			path = Mixer;
			sourceTree = "<group>";
		};
		EDB3626427FA23B0000A8BE7 /* Network */ = {
			isa = PBXGroup;
			children = (
			);
			path = Network;
			sourceTree = "<group>";
		};
		EDB3626527FA2483000A8BE7 /* Screens */ = {
			isa = PBXGroup;
			children = (
				EDAA7003281B335B00DC6A4A /* LogIn */,
				EDAA6FF52815F90D00DC6A4A /* Onboarding */,
			);
			path = Screens;
			sourceTree = "<group>";
		};
		EDB3626627FA2492000A8BE7 /* Assets */ = {
			isa = PBXGroup;
			children = (
				EDB3625927FA2065000A8BE7 /* Assets.xcassets */,
			);
			path = Assets;
			sourceTree = "<group>";
		};
		EDB3626727FAA675000A8BE7 /* Core */ = {
			isa = PBXGroup;
			children = (
				EDB3626B27FAA788000A8BE7 /* TypeAlias.swift */,
				EDB3626F27FAA897000A8BE7 /* Protocols */,
				EDB3626A27FAA778000A8BE7 /* Coordinator */,
			);
			path = Core;
			sourceTree = "<group>";
		};
		EDB3626A27FAA778000A8BE7 /* Coordinator */ = {
			isa = PBXGroup;
			children = (
				EDB3626827FAA69D000A8BE7 /* Coordinator.swift */,
				EDB3626D27FAA7C0000A8BE7 /* NavigationCoordinator.swift */,
			);
			path = Coordinator;
			sourceTree = "<group>";
		};
		EDB3626F27FAA897000A8BE7 /* Protocols */ = {
			isa = PBXGroup;
			children = (
				EDB3627027FAA8AD000A8BE7 /* NotificationObservable.swift */,
			);
			path = Protocols;
			sourceTree = "<group>";
		};
		EDB3627227FAA9F9000A8BE7 /* MixerCore */ = {
			isa = PBXGroup;
			children = (
				EDB3627327FAAA0F000A8BE7 /* Coordinators */,
			);
			path = MixerCore;
			sourceTree = "<group>";
		};
		EDB3627327FAAA0F000A8BE7 /* Coordinators */ = {
			isa = PBXGroup;
			children = (
				EDB3627427FAAA52000A8BE7 /* MainCoordinator.swift */,
			);
			path = Coordinators;
			sourceTree = "<group>";
		};
/* End PBXGroup section */

/* Begin PBXNativeTarget section */
		EDB3624927FA2062000A8BE7 /* Mixer */ = {
			isa = PBXNativeTarget;
			buildConfigurationList = EDB3626127FA2065000A8BE7 /* Build configuration list for PBXNativeTarget "Mixer" */;
			buildPhases = (
				A2CD92697619A20D7709DA46 /* [CP] Check Pods Manifest.lock */,
				EDB3624627FA2062000A8BE7 /* Sources */,
				EDB3624727FA2062000A8BE7 /* Frameworks */,
				EDB3624827FA2062000A8BE7 /* Resources */,
				BA4819E6C18282DAE7650490 /* [CP] Embed Pods Frameworks */,
			);
			buildRules = (
			);
			dependencies = (
			);
			name = Mixer;
			productName = Mixer;
			productReference = EDB3624A27FA2062000A8BE7 /* Mixer.app */;
			productType = "com.apple.product-type.application";
		};
/* End PBXNativeTarget section */

/* Begin PBXProject section */
		EDB3624227FA2062000A8BE7 /* Project object */ = {
			isa = PBXProject;
			attributes = {
				BuildIndependentTargetsInParallel = 1;
				LastSwiftUpdateCheck = 1310;
				LastUpgradeCheck = 1310;
				TargetAttributes = {
					EDB3624927FA2062000A8BE7 = {
						CreatedOnToolsVersion = 13.1;
					};
				};
			};
			buildConfigurationList = EDB3624527FA2062000A8BE7 /* Build configuration list for PBXProject "Mixer" */;
			compatibilityVersion = "Xcode 13.0";
			developmentRegion = en;
			hasScannedForEncodings = 0;
			knownRegions = (
				en,
				Base,
			);
			mainGroup = EDB3624127FA2062000A8BE7;
			productRefGroup = EDB3624B27FA2062000A8BE7 /* Products */;
			projectDirPath = "";
			projectRoot = "";
			targets = (
				EDB3624927FA2062000A8BE7 /* Mixer */,
			);
		};
/* End PBXProject section */

/* Begin PBXResourcesBuildPhase section */
		EDB3624827FA2062000A8BE7 /* Resources */ = {
			isa = PBXResourcesBuildPhase;
			buildActionMask = 2147483647;
			files = (
				ED9AFBBA281E327B00CF2117 /* Inter-SemiBold.ttf in Resources */,
				ED9AFBB8281E327B00CF2117 /* Inter-Medium.ttf in Resources */,
				ED9AFBB9281E327B00CF2117 /* Inter-Regular.ttf in Resources */,
				ED9AFBBB281E327B00CF2117 /* Inter-Bold.ttf in Resources */,
				EDB3625D27FA2065000A8BE7 /* LaunchScreen.storyboard in Resources */,
				EDB3625A27FA2065000A8BE7 /* Assets.xcassets in Resources */,
				ED9AFBBD281E32FE00CF2117 /* ArialRoundedMTBold.ttf in Resources */,
				EDB3625527FA2063000A8BE7 /* Main.storyboard in Resources */,
			);
			runOnlyForDeploymentPostprocessing = 0;
		};
/* End PBXResourcesBuildPhase section */

/* Begin PBXShellScriptBuildPhase section */
		A2CD92697619A20D7709DA46 /* [CP] Check Pods Manifest.lock */ = {
			isa = PBXShellScriptBuildPhase;
			buildActionMask = 2147483647;
			files = (
			);
			inputFileListPaths = (
			);
			inputPaths = (
				"${PODS_PODFILE_DIR_PATH}/Podfile.lock",
				"${PODS_ROOT}/Manifest.lock",
			);
			name = "[CP] Check Pods Manifest.lock";
			outputFileListPaths = (
			);
			outputPaths = (
				"$(DERIVED_FILE_DIR)/Pods-Mixer-checkManifestLockResult.txt",
			);
			runOnlyForDeploymentPostprocessing = 0;
			shellPath = /bin/sh;
			shellScript = "diff \"${PODS_PODFILE_DIR_PATH}/Podfile.lock\" \"${PODS_ROOT}/Manifest.lock\" > /dev/null\nif [ $? != 0 ] ; then\n    # print error to STDERR\n    echo \"error: The sandbox is not in sync with the Podfile.lock. Run 'pod install' or update your CocoaPods installation.\" >&2\n    exit 1\nfi\n# This output is used by Xcode 'outputs' to avoid re-running this script phase.\necho \"SUCCESS\" > \"${SCRIPT_OUTPUT_FILE_0}\"\n";
			showEnvVarsInLog = 0;
		};
		BA4819E6C18282DAE7650490 /* [CP] Embed Pods Frameworks */ = {
			isa = PBXShellScriptBuildPhase;
			buildActionMask = 2147483647;
			files = (
			);
			inputFileListPaths = (
				"${PODS_ROOT}/Target Support Files/Pods-Mixer/Pods-Mixer-frameworks-${CONFIGURATION}-input-files.xcfilelist",
			);
			name = "[CP] Embed Pods Frameworks";
			outputFileListPaths = (
				"${PODS_ROOT}/Target Support Files/Pods-Mixer/Pods-Mixer-frameworks-${CONFIGURATION}-output-files.xcfilelist",
			);
			runOnlyForDeploymentPostprocessing = 0;
			shellPath = /bin/sh;
			shellScript = "\"${PODS_ROOT}/Target Support Files/Pods-Mixer/Pods-Mixer-frameworks.sh\"\n";
			showEnvVarsInLog = 0;
		};
/* End PBXShellScriptBuildPhase section */

/* Begin PBXSourcesBuildPhase section */
		EDB3624627FA2062000A8BE7 /* Sources */ = {
			isa = PBXSourcesBuildPhase;
			buildActionMask = 2147483647;
			files = (
				EDAA7012281BB5E000DC6A4A /* LoginEmailTextField.swift in Sources */,
				EDAA700C281B913F00DC6A4A /* TextField.swift in Sources */,
				ED798F9B281BCB04000842F0 /* KeyboardStateListener.swift in Sources */,
				EDB3626C27FAA788000A8BE7 /* TypeAlias.swift in Sources */,
				EDAA7009281B8E9900DC6A4A /* LoginFormStackView.swift in Sources */,
				EDAA6FFD2818EBB900DC6A4A /* MixerOnboardingViewController.swift in Sources */,
				EDB3625227FA2063000A8BE7 /* ViewController.swift in Sources */,
				EDAA7005281B338300DC6A4A /* LoginViewController.swift in Sources */,
				ED798F9D281C6F21000842F0 /* LoginPasswordTextField.swift in Sources */,
				EDB3624E27FA2063000A8BE7 /* AppDelegate.swift in Sources */,
				EDAA70022819096B00DC6A4A /* OnboardingModel.swift in Sources */,
				EDB3627127FAA8AD000A8BE7 /* NotificationObservable.swift in Sources */,
				EDB3626927FAA69E000A8BE7 /* Coordinator.swift in Sources */,
				EDAA6FFF281908CF00DC6A4A /* OnboardingViewModel.swift in Sources */,
				EDAA700F281B92E400DC6A4A /* LoginHeaderLabel.swift in Sources */,
				EDB3625027FA2063000A8BE7 /* SceneDelegate.swift in Sources */,
				EDAA6FFA2817408D00DC6A4A /* WelcomeView.swift in Sources */,
				EDB3625827FA2063000A8BE7 /* Mixer.xcdatamodeld in Sources */,
				EDAA6FF72815F92400DC6A4A /* OnboardingViewController.swift in Sources */,
				EDB3627527FAAA52000A8BE7 /* MainCoordinator.swift in Sources */,
				EDB3626E27FAA7C0000A8BE7 /* NavigationCoordinator.swift in Sources */,
			);
			runOnlyForDeploymentPostprocessing = 0;
		};
/* End PBXSourcesBuildPhase section */

/* Begin PBXVariantGroup section */
		EDB3625327FA2063000A8BE7 /* Main.storyboard */ = {
			isa = PBXVariantGroup;
			children = (
				EDB3625427FA2063000A8BE7 /* Base */,
			);
			name = Main.storyboard;
			sourceTree = "<group>";
		};
		EDB3625B27FA2065000A8BE7 /* LaunchScreen.storyboard */ = {
			isa = PBXVariantGroup;
			children = (
				EDB3625C27FA2065000A8BE7 /* Base */,
			);
			name = LaunchScreen.storyboard;
			sourceTree = "<group>";
		};
/* End PBXVariantGroup section */

/* Begin XCBuildConfiguration section */
		EDB3625F27FA2065000A8BE7 /* Debug */ = {
			isa = XCBuildConfiguration;
			buildSettings = {
				ALWAYS_SEARCH_USER_PATHS = NO;
				CLANG_ANALYZER_NONNULL = YES;
				CLANG_ANALYZER_NUMBER_OBJECT_CONVERSION = YES_AGGRESSIVE;
				CLANG_CXX_LANGUAGE_STANDARD = "gnu++17";
				CLANG_CXX_LIBRARY = "libc++";
				CLANG_ENABLE_MODULES = YES;
				CLANG_ENABLE_OBJC_ARC = YES;
				CLANG_ENABLE_OBJC_WEAK = YES;
				CLANG_WARN_BLOCK_CAPTURE_AUTORELEASING = YES;
				CLANG_WARN_BOOL_CONVERSION = YES;
				CLANG_WARN_COMMA = YES;
				CLANG_WARN_CONSTANT_CONVERSION = YES;
				CLANG_WARN_DEPRECATED_OBJC_IMPLEMENTATIONS = YES;
				CLANG_WARN_DIRECT_OBJC_ISA_USAGE = YES_ERROR;
				CLANG_WARN_DOCUMENTATION_COMMENTS = YES;
				CLANG_WARN_EMPTY_BODY = YES;
				CLANG_WARN_ENUM_CONVERSION = YES;
				CLANG_WARN_INFINITE_RECURSION = YES;
				CLANG_WARN_INT_CONVERSION = YES;
				CLANG_WARN_NON_LITERAL_NULL_CONVERSION = YES;
				CLANG_WARN_OBJC_IMPLICIT_RETAIN_SELF = YES;
				CLANG_WARN_OBJC_LITERAL_CONVERSION = YES;
				CLANG_WARN_OBJC_ROOT_CLASS = YES_ERROR;
				CLANG_WARN_QUOTED_INCLUDE_IN_FRAMEWORK_HEADER = YES;
				CLANG_WARN_RANGE_LOOP_ANALYSIS = YES;
				CLANG_WARN_STRICT_PROTOTYPES = YES;
				CLANG_WARN_SUSPICIOUS_MOVE = YES;
				CLANG_WARN_UNGUARDED_AVAILABILITY = YES_AGGRESSIVE;
				CLANG_WARN_UNREACHABLE_CODE = YES;
				CLANG_WARN__DUPLICATE_METHOD_MATCH = YES;
				COPY_PHASE_STRIP = NO;
				DEBUG_INFORMATION_FORMAT = dwarf;
				ENABLE_STRICT_OBJC_MSGSEND = YES;
				ENABLE_TESTABILITY = YES;
				GCC_C_LANGUAGE_STANDARD = gnu11;
				GCC_DYNAMIC_NO_PIC = NO;
				GCC_NO_COMMON_BLOCKS = YES;
				GCC_OPTIMIZATION_LEVEL = 0;
				GCC_PREPROCESSOR_DEFINITIONS = (
					"DEBUG=1",
					"$(inherited)",
				);
				GCC_WARN_64_TO_32_BIT_CONVERSION = YES;
				GCC_WARN_ABOUT_RETURN_TYPE = YES_ERROR;
				GCC_WARN_UNDECLARED_SELECTOR = YES;
				GCC_WARN_UNINITIALIZED_AUTOS = YES_AGGRESSIVE;
				GCC_WARN_UNUSED_FUNCTION = YES;
				GCC_WARN_UNUSED_VARIABLE = YES;
				IPHONEOS_DEPLOYMENT_TARGET = 15.0;
				MTL_ENABLE_DEBUG_INFO = INCLUDE_SOURCE;
				MTL_FAST_MATH = YES;
				ONLY_ACTIVE_ARCH = YES;
				SDKROOT = iphoneos;
				SWIFT_ACTIVE_COMPILATION_CONDITIONS = DEBUG;
				SWIFT_OPTIMIZATION_LEVEL = "-Onone";
			};
			name = Debug;
		};
		EDB3626027FA2065000A8BE7 /* Release */ = {
			isa = XCBuildConfiguration;
			buildSettings = {
				ALWAYS_SEARCH_USER_PATHS = NO;
				CLANG_ANALYZER_NONNULL = YES;
				CLANG_ANALYZER_NUMBER_OBJECT_CONVERSION = YES_AGGRESSIVE;
				CLANG_CXX_LANGUAGE_STANDARD = "gnu++17";
				CLANG_CXX_LIBRARY = "libc++";
				CLANG_ENABLE_MODULES = YES;
				CLANG_ENABLE_OBJC_ARC = YES;
				CLANG_ENABLE_OBJC_WEAK = YES;
				CLANG_WARN_BLOCK_CAPTURE_AUTORELEASING = YES;
				CLANG_WARN_BOOL_CONVERSION = YES;
				CLANG_WARN_COMMA = YES;
				CLANG_WARN_CONSTANT_CONVERSION = YES;
				CLANG_WARN_DEPRECATED_OBJC_IMPLEMENTATIONS = YES;
				CLANG_WARN_DIRECT_OBJC_ISA_USAGE = YES_ERROR;
				CLANG_WARN_DOCUMENTATION_COMMENTS = YES;
				CLANG_WARN_EMPTY_BODY = YES;
				CLANG_WARN_ENUM_CONVERSION = YES;
				CLANG_WARN_INFINITE_RECURSION = YES;
				CLANG_WARN_INT_CONVERSION = YES;
				CLANG_WARN_NON_LITERAL_NULL_CONVERSION = YES;
				CLANG_WARN_OBJC_IMPLICIT_RETAIN_SELF = YES;
				CLANG_WARN_OBJC_LITERAL_CONVERSION = YES;
				CLANG_WARN_OBJC_ROOT_CLASS = YES_ERROR;
				CLANG_WARN_QUOTED_INCLUDE_IN_FRAMEWORK_HEADER = YES;
				CLANG_WARN_RANGE_LOOP_ANALYSIS = YES;
				CLANG_WARN_STRICT_PROTOTYPES = YES;
				CLANG_WARN_SUSPICIOUS_MOVE = YES;
				CLANG_WARN_UNGUARDED_AVAILABILITY = YES_AGGRESSIVE;
				CLANG_WARN_UNREACHABLE_CODE = YES;
				CLANG_WARN__DUPLICATE_METHOD_MATCH = YES;
				COPY_PHASE_STRIP = NO;
				DEBUG_INFORMATION_FORMAT = "dwarf-with-dsym";
				ENABLE_NS_ASSERTIONS = NO;
				ENABLE_STRICT_OBJC_MSGSEND = YES;
				GCC_C_LANGUAGE_STANDARD = gnu11;
				GCC_NO_COMMON_BLOCKS = YES;
				GCC_WARN_64_TO_32_BIT_CONVERSION = YES;
				GCC_WARN_ABOUT_RETURN_TYPE = YES_ERROR;
				GCC_WARN_UNDECLARED_SELECTOR = YES;
				GCC_WARN_UNINITIALIZED_AUTOS = YES_AGGRESSIVE;
				GCC_WARN_UNUSED_FUNCTION = YES;
				GCC_WARN_UNUSED_VARIABLE = YES;
				IPHONEOS_DEPLOYMENT_TARGET = 15.0;
				MTL_ENABLE_DEBUG_INFO = NO;
				MTL_FAST_MATH = YES;
				SDKROOT = iphoneos;
				SWIFT_COMPILATION_MODE = wholemodule;
				SWIFT_OPTIMIZATION_LEVEL = "-O";
				VALIDATE_PRODUCT = YES;
			};
			name = Release;
		};
		EDB3626227FA2065000A8BE7 /* Debug */ = {
			isa = XCBuildConfiguration;
			baseConfigurationReference = 29AD3A8EF3E3557E06FC575D /* Pods-Mixer.debug.xcconfig */;
			buildSettings = {
				ASSETCATALOG_COMPILER_APPICON_NAME = AppIcon;
				ASSETCATALOG_COMPILER_GLOBAL_ACCENT_COLOR_NAME = AccentColor;
				CODE_SIGN_STYLE = Automatic;
				CURRENT_PROJECT_VERSION = 1;
				DEVELOPMENT_TEAM = X752JDEFHP;
				GENERATE_INFOPLIST_FILE = YES;
				INFOPLIST_FILE = Mixer/Info.plist;
				INFOPLIST_KEY_UIApplicationSupportsIndirectInputEvents = YES;
				INFOPLIST_KEY_UILaunchStoryboardName = LaunchScreen;
				INFOPLIST_KEY_UIMainStoryboardFile = Main;
				INFOPLIST_KEY_UISupportedInterfaceOrientations_iPad = "UIInterfaceOrientationPortrait UIInterfaceOrientationPortraitUpsideDown UIInterfaceOrientationLandscapeLeft UIInterfaceOrientationLandscapeRight";
				INFOPLIST_KEY_UISupportedInterfaceOrientations_iPhone = "UIInterfaceOrientationPortrait UIInterfaceOrientationLandscapeLeft UIInterfaceOrientationLandscapeRight";
				LD_RUNPATH_SEARCH_PATHS = (
					"$(inherited)",
					"@executable_path/Frameworks",
				);
				MARKETING_VERSION = 1.0;
				PRODUCT_BUNDLE_IDENTIFIER = com.neftalisamarey.Mixer;
				PRODUCT_NAME = "$(TARGET_NAME)";
				SWIFT_EMIT_LOC_STRINGS = YES;
				SWIFT_VERSION = 5.0;
				TARGETED_DEVICE_FAMILY = 1;
			};
			name = Debug;
		};
		EDB3626327FA2065000A8BE7 /* Release */ = {
			isa = XCBuildConfiguration;
			baseConfigurationReference = 5C522F8B12A7C8B8D71046A5 /* Pods-Mixer.release.xcconfig */;
			buildSettings = {
				ASSETCATALOG_COMPILER_APPICON_NAME = AppIcon;
				ASSETCATALOG_COMPILER_GLOBAL_ACCENT_COLOR_NAME = AccentColor;
				CODE_SIGN_STYLE = Automatic;
				CURRENT_PROJECT_VERSION = 1;
				DEVELOPMENT_TEAM = X752JDEFHP;
				GENERATE_INFOPLIST_FILE = YES;
				INFOPLIST_FILE = Mixer/Info.plist;
				INFOPLIST_KEY_UIApplicationSupportsIndirectInputEvents = YES;
				INFOPLIST_KEY_UILaunchStoryboardName = LaunchScreen;
				INFOPLIST_KEY_UIMainStoryboardFile = Main;
				INFOPLIST_KEY_UISupportedInterfaceOrientations_iPad = "UIInterfaceOrientationPortrait UIInterfaceOrientationPortraitUpsideDown UIInterfaceOrientationLandscapeLeft UIInterfaceOrientationLandscapeRight";
				INFOPLIST_KEY_UISupportedInterfaceOrientations_iPhone = "UIInterfaceOrientationPortrait UIInterfaceOrientationLandscapeLeft UIInterfaceOrientationLandscapeRight";
				LD_RUNPATH_SEARCH_PATHS = (
					"$(inherited)",
					"@executable_path/Frameworks",
				);
				MARKETING_VERSION = 1.0;
				PRODUCT_BUNDLE_IDENTIFIER = com.neftalisamarey.Mixer;
				PRODUCT_NAME = "$(TARGET_NAME)";
				SWIFT_EMIT_LOC_STRINGS = YES;
				SWIFT_VERSION = 5.0;
				TARGETED_DEVICE_FAMILY = 1;
			};
			name = Release;
		};
/* End XCBuildConfiguration section */

/* Begin XCConfigurationList section */
		EDB3624527FA2062000A8BE7 /* Build configuration list for PBXProject "Mixer" */ = {
			isa = XCConfigurationList;
			buildConfigurations = (
				EDB3625F27FA2065000A8BE7 /* Debug */,
				EDB3626027FA2065000A8BE7 /* Release */,
			);
			defaultConfigurationIsVisible = 0;
			defaultConfigurationName = Release;
		};
		EDB3626127FA2065000A8BE7 /* Build configuration list for PBXNativeTarget "Mixer" */ = {
			isa = XCConfigurationList;
			buildConfigurations = (
				EDB3626227FA2065000A8BE7 /* Debug */,
				EDB3626327FA2065000A8BE7 /* Release */,
			);
			defaultConfigurationIsVisible = 0;
			defaultConfigurationName = Release;
		};
/* End XCConfigurationList section */

/* Begin XCVersionGroup section */
		EDB3625627FA2063000A8BE7 /* Mixer.xcdatamodeld */ = {
			isa = XCVersionGroup;
			children = (
				EDB3625727FA2063000A8BE7 /* Mixer.xcdatamodel */,
			);
			currentVersion = EDB3625727FA2063000A8BE7 /* Mixer.xcdatamodel */;
			path = Mixer.xcdatamodeld;
			sourceTree = "<group>";
			versionGroupType = wrapper.xcdatamodel;
		};
/* End XCVersionGroup section */
	};
	rootObject = EDB3624227FA2062000A8BE7 /* Project object */;
}
